
Microsoft Visual Studio Solution File, Format Version 12.00
Project("{FAE04EC0-301F-11D3-BF4B-00C04F79EFBC}") = "CodingFactory", "CodingFactory\CodingFactory.csproj", "{D95E535A-8749-4CFD-8756-BD18F2AB5E75}"
EndProject
Project("{FAE04EC0-301F-11D3-BF4B-00C04F79EFBC}") = "DataTypes", "DataTypes\DataTypes.csproj", "{B7F6B527-87E7-4E2D-BC21-B296FAAF493E}"
EndProject
Project("{FAE04EC0-301F-11D3-BF4B-00C04F79EFBC}") = "OutputApp", "OutputApp\OutputApp.csproj", "{09FA6115-576E-4F8B-B24B-93A8E84C93FD}"
EndProject
Project("{FAE04EC0-301F-11D3-BF4B-00C04F79EFBC}") = "ReadApp", "ReadApp\ReadApp.csproj", "{FF9170A1-CD5F-46C9-A3C4-3E8F6B0C5900}"
EndProject
Project("{FAE04EC0-301F-11D3-BF4B-00C04F79EFBC}") = "ArgsApp", "ArgsApp\ArgsApp.csproj", "{78253B8C-0647-4C5D-8571-28AD586DA760}"
EndProject
Project("{FAE04EC0-301F-11D3-BF4B-00C04F79EFBC}") = "ExpressionsApp", "ExpressionsApp\ExpressionsApp.csproj", "{3936A064-6779-4DC7-98D5-FE1A33692E00}"
EndProject
Project("{FAE04EC0-301F-11D3-BF4B-00C04F79EFBC}") = "FuctorialApp", "FuctorialApp\FuctorialApp.csproj", "{77437E3A-4556-47E3-88B7-AD6F1D4A4743}"
EndProject
Project("{FAE04EC0-301F-11D3-BF4B-00C04F79EFBC}") = "FiboIterativeApp", "FiboIterativeApp\FiboIterativeApp.csproj", "{B8760175-F61C-40BF-9FCA-418B979374FB}"
EndProject
Project("{FAE04EC0-301F-11D3-BF4B-00C04F79EFBC}") = "FiboWithArrayApp", "FiboWithArrayApp\FiboWithArrayApp.csproj", "{A8CCC711-10A5-49B5-A008-49F5044A5E40}"
EndProject
Project("{FAE04EC0-301F-11D3-BF4B-00C04F79EFBC}") = "TypeCastApp", "TypeCastApp\TypeCastApp.csproj", "{16DFED9C-5C69-4F93-87DC-1DD5FC4B1B39}"
EndProject
Project("{FAE04EC0-301F-11D3-BF4B-00C04F79EFBC}") = "TernaryOperator", "TernaryOperator\TernaryOperator.csproj", "{02E1A971-539C-4A6B-BF00-21EF0B03CF6B}"
EndProject
Project("{FAE04EC0-301F-11D3-BF4B-00C04F79EFBC}") = "EurosToDollarsApp", "EurosToDollarsApp\EurosToDollarsApp.csproj", "{D3EC3C43-2FCA-4975-9890-1EC9C830F0E4}"
EndProject
Project("{FAE04EC0-301F-11D3-BF4B-00C04F79EFBC}") = "SecondsToDateApp", "SecondsToDateApp\SecondsToDateApp.csproj", "{5A2EA3B3-19C6-4661-92E2-E1CA2615362F}"
EndProject
Project("{FAE04EC0-301F-11D3-BF4B-00C04F79EFBC}") = "CalculateApp1", "CalculateApp1\CalculateApp1.csproj", "{06845A45-4A07-469B-974D-8B671ECC6E9F}"
EndProject
Project("{FAE04EC0-301F-11D3-BF4B-00C04F79EFBC}") = "TemperatureConverterApp", "TemperatureConverterApp\TemperatureConverterApp.csproj", "{AFADDBF7-5599-4CF0-8F17-57203C80209B}"
EndProject
Project("{FAE04EC0-301F-11D3-BF4B-00C04F79EFBC}") = "SwappTwoNumbersApp", "SwappTwoNumbersApp\SwappTwoNumbersApp.csproj", "{885943A5-838E-45FB-9CA2-CD8E32015289}"
EndProject
Project("{FAE04EC0-301F-11D3-BF4B-00C04F79EFBC}") = "AddCharactersFrontAndBack", "AddCharactersFrontAndBack\AddCharactersFrontAndBack.csproj", "{6B728474-1830-4E79-BA59-4AC26CCAF539}"
EndProject
Project("{FAE04EC0-301F-11D3-BF4B-00C04F79EFBC}") = "CheckPositiveAndNegative", "CheckPositiveAndNegative\CheckPositiveAndNegative.csproj", "{17434484-AAAC-4F71-BE38-F999096FE441}"
EndProject
Project("{FAE04EC0-301F-11D3-BF4B-00C04F79EFBC}") = "TripleSumIntegers", "TripleSumIntegers\TripleSumIntegers.csproj", "{C5D27DFD-EEA2-4594-B681-AD9E5D0930A5}"
EndProject
Project("{FAE04EC0-301F-11D3-BF4B-00C04F79EFBC}") = "AbsoluteDifferenceOrDouble", "AbsoluteDifferenceOrDouble\AbsoluteDifferenceOrDouble.csproj", "{B2F9954F-9C7B-49EB-BA66-E141C596D174}"
EndProject
Project("{FAE04EC0-301F-11D3-BF4B-00C04F79EFBC}") = "CheckSum", "CheckSum\CheckSum.csproj", "{86AF04DF-E1B6-4B44-8ADF-5A4F17FFC9AD}"
EndProject
Project("{FAE04EC0-301F-11D3-BF4B-00C04F79EFBC}") = "ConvertLineToLowerCase", "ConvertLineToLowerCase\ConvertLineToLowerCase.csproj", "{51999F02-7F8B-4F10-8AB0-B889679A1B35}"
EndProject
Project("{FAE04EC0-301F-11D3-BF4B-00C04F79EFBC}") = "FindLongestAndShorterWord", "FindLongestAndShorterWord\FindLongestAndShorterWord.csproj", "{28BE411A-CA3F-4A9B-8655-DBCF51A30575}"
EndProject
Project("{FAE04EC0-301F-11D3-BF4B-00C04F79EFBC}") = "PrintOddsAndEvens", "PrintOddsAndEvens\PrintOddsAndEvens.csproj", "{DE9A54FE-4227-41B5-BD57-455122D00686}"
EndProject
Project("{FAE04EC0-301F-11D3-BF4B-00C04F79EFBC}") = "SumOfDigits", "SumOfDigits\SumOfDigits.csproj", "{9AE378E5-7057-4967-9AFE-BCF1C846AF70}"
EndProject
Project("{FAE04EC0-301F-11D3-BF4B-00C04F79EFBC}") = "MultiplyTwoArrays", "MultiplyTwoArrays\MultiplyTwoArrays.csproj", "{1C9E3ECE-8C5E-48B3-A00E-C128A5813D7A}"
EndProject
Project("{FAE04EC0-301F-11D3-BF4B-00C04F79EFBC}") = "IgnoreNegative", "IgnoreNegative\IgnoreNegative.csproj", "{095E4D8C-FFF8-49E0-A700-3BA0D23C71D8}"
EndProject
Project("{FAE04EC0-301F-11D3-BF4B-00C04F79EFBC}") = "PowerApp", "PowerApp\PowerApp.csproj", "{08103D36-B83B-44CE-B514-7A445D03346D}"
EndProject
Project("{FAE04EC0-301F-11D3-BF4B-00C04F79EFBC}") = "PrimesApp", "PrimesApp\PrimesApp.csproj", "{8DA07981-BE3B-45A1-A70B-D7FAD012CBBD}"
EndProject
Project("{FAE04EC0-301F-11D3-BF4B-00C04F79EFBC}") = "RightTriangleApp", "RightTriangleApp\RightTriangleApp.csproj", "{09C00BF2-5530-472F-A8E9-DD0AB9814ABF}"
EndProject
Project("{FAE04EC0-301F-11D3-BF4B-00C04F79EFBC}") = "AddOnlyOdds", "AddOnlyOdds\AddOnlyOdds.csproj", "{8BE28050-095C-424F-816E-E1F001707562}"
EndProject
Project("{FAE04EC0-301F-11D3-BF4B-00C04F79EFBC}") = "IgnorePositivesApp", "IgnorePositivesApp\IgnorePositivesApp.csproj", "{5539C433-A925-475B-B4E9-9D6F836B61E8}"
EndProject
Global
	GlobalSection(SolutionConfigurationPlatforms) = preSolution
		Debug|Any CPU = Debug|Any CPU
		Release|Any CPU = Release|Any CPU
	EndGlobalSection
	GlobalSection(ProjectConfigurationPlatforms) = postSolution
		{D95E535A-8749-4CFD-8756-BD18F2AB5E75}.Debug|Any CPU.ActiveCfg = Debug|Any CPU
		{D95E535A-8749-4CFD-8756-BD18F2AB5E75}.Debug|Any CPU.Build.0 = Debug|Any CPU
		{D95E535A-8749-4CFD-8756-BD18F2AB5E75}.Release|Any CPU.ActiveCfg = Release|Any CPU
		{D95E535A-8749-4CFD-8756-BD18F2AB5E75}.Release|Any CPU.Build.0 = Release|Any CPU
		{B7F6B527-87E7-4E2D-BC21-B296FAAF493E}.Debug|Any CPU.ActiveCfg = Debug|Any CPU
		{B7F6B527-87E7-4E2D-BC21-B296FAAF493E}.Debug|Any CPU.Build.0 = Debug|Any CPU
		{B7F6B527-87E7-4E2D-BC21-B296FAAF493E}.Release|Any CPU.ActiveCfg = Release|Any CPU
		{B7F6B527-87E7-4E2D-BC21-B296FAAF493E}.Release|Any CPU.Build.0 = Release|Any CPU
		{09FA6115-576E-4F8B-B24B-93A8E84C93FD}.Debug|Any CPU.ActiveCfg = Debug|Any CPU
		{09FA6115-576E-4F8B-B24B-93A8E84C93FD}.Debug|Any CPU.Build.0 = Debug|Any CPU
		{09FA6115-576E-4F8B-B24B-93A8E84C93FD}.Release|Any CPU.ActiveCfg = Release|Any CPU
		{09FA6115-576E-4F8B-B24B-93A8E84C93FD}.Release|Any CPU.Build.0 = Release|Any CPU
		{FF9170A1-CD5F-46C9-A3C4-3E8F6B0C5900}.Debug|Any CPU.ActiveCfg = Debug|Any CPU
		{FF9170A1-CD5F-46C9-A3C4-3E8F6B0C5900}.Debug|Any CPU.Build.0 = Debug|Any CPU
		{FF9170A1-CD5F-46C9-A3C4-3E8F6B0C5900}.Release|Any CPU.ActiveCfg = Release|Any CPU
		{FF9170A1-CD5F-46C9-A3C4-3E8F6B0C5900}.Release|Any CPU.Build.0 = Release|Any CPU
		{78253B8C-0647-4C5D-8571-28AD586DA760}.Debug|Any CPU.ActiveCfg = Debug|Any CPU
		{78253B8C-0647-4C5D-8571-28AD586DA760}.Debug|Any CPU.Build.0 = Debug|Any CPU
		{78253B8C-0647-4C5D-8571-28AD586DA760}.Release|Any CPU.ActiveCfg = Release|Any CPU
		{78253B8C-0647-4C5D-8571-28AD586DA760}.Release|Any CPU.Build.0 = Release|Any CPU
		{3936A064-6779-4DC7-98D5-FE1A33692E00}.Debug|Any CPU.ActiveCfg = Debug|Any CPU
		{3936A064-6779-4DC7-98D5-FE1A33692E00}.Debug|Any CPU.Build.0 = Debug|Any CPU
		{3936A064-6779-4DC7-98D5-FE1A33692E00}.Release|Any CPU.ActiveCfg = Release|Any CPU
		{3936A064-6779-4DC7-98D5-FE1A33692E00}.Release|Any CPU.Build.0 = Release|Any CPU
		{77437E3A-4556-47E3-88B7-AD6F1D4A4743}.Debug|Any CPU.ActiveCfg = Debug|Any CPU
		{77437E3A-4556-47E3-88B7-AD6F1D4A4743}.Debug|Any CPU.Build.0 = Debug|Any CPU
		{77437E3A-4556-47E3-88B7-AD6F1D4A4743}.Release|Any CPU.ActiveCfg = Release|Any CPU
		{77437E3A-4556-47E3-88B7-AD6F1D4A4743}.Release|Any CPU.Build.0 = Release|Any CPU
		{B8760175-F61C-40BF-9FCA-418B979374FB}.Debug|Any CPU.ActiveCfg = Debug|Any CPU
		{B8760175-F61C-40BF-9FCA-418B979374FB}.Debug|Any CPU.Build.0 = Debug|Any CPU
		{B8760175-F61C-40BF-9FCA-418B979374FB}.Release|Any CPU.ActiveCfg = Release|Any CPU
		{B8760175-F61C-40BF-9FCA-418B979374FB}.Release|Any CPU.Build.0 = Release|Any CPU
		{A8CCC711-10A5-49B5-A008-49F5044A5E40}.Debug|Any CPU.ActiveCfg = Debug|Any CPU
		{A8CCC711-10A5-49B5-A008-49F5044A5E40}.Debug|Any CPU.Build.0 = Debug|Any CPU
		{A8CCC711-10A5-49B5-A008-49F5044A5E40}.Release|Any CPU.ActiveCfg = Release|Any CPU
		{A8CCC711-10A5-49B5-A008-49F5044A5E40}.Release|Any CPU.Build.0 = Release|Any CPU
		{16DFED9C-5C69-4F93-87DC-1DD5FC4B1B39}.Debug|Any CPU.ActiveCfg = Debug|Any CPU
		{16DFED9C-5C69-4F93-87DC-1DD5FC4B1B39}.Debug|Any CPU.Build.0 = Debug|Any CPU
		{16DFED9C-5C69-4F93-87DC-1DD5FC4B1B39}.Release|Any CPU.ActiveCfg = Release|Any CPU
		{16DFED9C-5C69-4F93-87DC-1DD5FC4B1B39}.Release|Any CPU.Build.0 = Release|Any CPU
		{02E1A971-539C-4A6B-BF00-21EF0B03CF6B}.Debug|Any CPU.ActiveCfg = Debug|Any CPU
		{02E1A971-539C-4A6B-BF00-21EF0B03CF6B}.Debug|Any CPU.Build.0 = Debug|Any CPU
		{02E1A971-539C-4A6B-BF00-21EF0B03CF6B}.Release|Any CPU.ActiveCfg = Release|Any CPU
		{02E1A971-539C-4A6B-BF00-21EF0B03CF6B}.Release|Any CPU.Build.0 = Release|Any CPU
		{D3EC3C43-2FCA-4975-9890-1EC9C830F0E4}.Debug|Any CPU.ActiveCfg = Debug|Any CPU
		{D3EC3C43-2FCA-4975-9890-1EC9C830F0E4}.Debug|Any CPU.Build.0 = Debug|Any CPU
		{D3EC3C43-2FCA-4975-9890-1EC9C830F0E4}.Release|Any CPU.ActiveCfg = Release|Any CPU
		{D3EC3C43-2FCA-4975-9890-1EC9C830F0E4}.Release|Any CPU.Build.0 = Release|Any CPU
		{5A2EA3B3-19C6-4661-92E2-E1CA2615362F}.Debug|Any CPU.ActiveCfg = Debug|Any CPU
		{5A2EA3B3-19C6-4661-92E2-E1CA2615362F}.Debug|Any CPU.Build.0 = Debug|Any CPU
		{5A2EA3B3-19C6-4661-92E2-E1CA2615362F}.Release|Any CPU.ActiveCfg = Release|Any CPU
		{5A2EA3B3-19C6-4661-92E2-E1CA2615362F}.Release|Any CPU.Build.0 = Release|Any CPU
		{06845A45-4A07-469B-974D-8B671ECC6E9F}.Debug|Any CPU.ActiveCfg = Debug|Any CPU
		{06845A45-4A07-469B-974D-8B671ECC6E9F}.Debug|Any CPU.Build.0 = Debug|Any CPU
		{06845A45-4A07-469B-974D-8B671ECC6E9F}.Release|Any CPU.ActiveCfg = Release|Any CPU
		{06845A45-4A07-469B-974D-8B671ECC6E9F}.Release|Any CPU.Build.0 = Release|Any CPU
		{AFADDBF7-5599-4CF0-8F17-57203C80209B}.Debug|Any CPU.ActiveCfg = Debug|Any CPU
		{AFADDBF7-5599-4CF0-8F17-57203C80209B}.Debug|Any CPU.Build.0 = Debug|Any CPU
		{AFADDBF7-5599-4CF0-8F17-57203C80209B}.Release|Any CPU.ActiveCfg = Release|Any CPU
		{AFADDBF7-5599-4CF0-8F17-57203C80209B}.Release|Any CPU.Build.0 = Release|Any CPU
		{885943A5-838E-45FB-9CA2-CD8E32015289}.Debug|Any CPU.ActiveCfg = Debug|Any CPU
		{885943A5-838E-45FB-9CA2-CD8E32015289}.Debug|Any CPU.Build.0 = Debug|Any CPU
		{885943A5-838E-45FB-9CA2-CD8E32015289}.Release|Any CPU.ActiveCfg = Release|Any CPU
		{885943A5-838E-45FB-9CA2-CD8E32015289}.Release|Any CPU.Build.0 = Release|Any CPU
		{6B728474-1830-4E79-BA59-4AC26CCAF539}.Debug|Any CPU.ActiveCfg = Debug|Any CPU
		{6B728474-1830-4E79-BA59-4AC26CCAF539}.Debug|Any CPU.Build.0 = Debug|Any CPU
		{6B728474-1830-4E79-BA59-4AC26CCAF539}.Release|Any CPU.ActiveCfg = Release|Any CPU
		{6B728474-1830-4E79-BA59-4AC26CCAF539}.Release|Any CPU.Build.0 = Release|Any CPU
		{17434484-AAAC-4F71-BE38-F999096FE441}.Debug|Any CPU.ActiveCfg = Debug|Any CPU
		{17434484-AAAC-4F71-BE38-F999096FE441}.Debug|Any CPU.Build.0 = Debug|Any CPU
		{17434484-AAAC-4F71-BE38-F999096FE441}.Release|Any CPU.ActiveCfg = Release|Any CPU
		{17434484-AAAC-4F71-BE38-F999096FE441}.Release|Any CPU.Build.0 = Release|Any CPU
		{C5D27DFD-EEA2-4594-B681-AD9E5D0930A5}.Debug|Any CPU.ActiveCfg = Debug|Any CPU
		{C5D27DFD-EEA2-4594-B681-AD9E5D0930A5}.Debug|Any CPU.Build.0 = Debug|Any CPU
		{C5D27DFD-EEA2-4594-B681-AD9E5D0930A5}.Release|Any CPU.ActiveCfg = Release|Any CPU
		{C5D27DFD-EEA2-4594-B681-AD9E5D0930A5}.Release|Any CPU.Build.0 = Release|Any CPU
		{B2F9954F-9C7B-49EB-BA66-E141C596D174}.Debug|Any CPU.ActiveCfg = Debug|Any CPU
		{B2F9954F-9C7B-49EB-BA66-E141C596D174}.Debug|Any CPU.Build.0 = Debug|Any CPU
		{B2F9954F-9C7B-49EB-BA66-E141C596D174}.Release|Any CPU.ActiveCfg = Release|Any CPU
		{B2F9954F-9C7B-49EB-BA66-E141C596D174}.Release|Any CPU.Build.0 = Release|Any CPU
		{86AF04DF-E1B6-4B44-8ADF-5A4F17FFC9AD}.Debug|Any CPU.ActiveCfg = Debug|Any CPU
		{86AF04DF-E1B6-4B44-8ADF-5A4F17FFC9AD}.Debug|Any CPU.Build.0 = Debug|Any CPU
		{86AF04DF-E1B6-4B44-8ADF-5A4F17FFC9AD}.Release|Any CPU.ActiveCfg = Release|Any CPU
		{86AF04DF-E1B6-4B44-8ADF-5A4F17FFC9AD}.Release|Any CPU.Build.0 = Release|Any CPU
		{51999F02-7F8B-4F10-8AB0-B889679A1B35}.Debug|Any CPU.ActiveCfg = Debug|Any CPU
		{51999F02-7F8B-4F10-8AB0-B889679A1B35}.Debug|Any CPU.Build.0 = Debug|Any CPU
		{51999F02-7F8B-4F10-8AB0-B889679A1B35}.Release|Any CPU.ActiveCfg = Release|Any CPU
		{51999F02-7F8B-4F10-8AB0-B889679A1B35}.Release|Any CPU.Build.0 = Release|Any CPU
		{28BE411A-CA3F-4A9B-8655-DBCF51A30575}.Debug|Any CPU.ActiveCfg = Debug|Any CPU
		{28BE411A-CA3F-4A9B-8655-DBCF51A30575}.Debug|Any CPU.Build.0 = Debug|Any CPU
		{28BE411A-CA3F-4A9B-8655-DBCF51A30575}.Release|Any CPU.ActiveCfg = Release|Any CPU
		{28BE411A-CA3F-4A9B-8655-DBCF51A30575}.Release|Any CPU.Build.0 = Release|Any CPU
		{DE9A54FE-4227-41B5-BD57-455122D00686}.Debug|Any CPU.ActiveCfg = Debug|Any CPU
		{DE9A54FE-4227-41B5-BD57-455122D00686}.Debug|Any CPU.Build.0 = Debug|Any CPU
		{DE9A54FE-4227-41B5-BD57-455122D00686}.Release|Any CPU.ActiveCfg = Release|Any CPU
		{DE9A54FE-4227-41B5-BD57-455122D00686}.Release|Any CPU.Build.0 = Release|Any CPU
		{9AE378E5-7057-4967-9AFE-BCF1C846AF70}.Debug|Any CPU.ActiveCfg = Debug|Any CPU
		{9AE378E5-7057-4967-9AFE-BCF1C846AF70}.Debug|Any CPU.Build.0 = Debug|Any CPU
		{9AE378E5-7057-4967-9AFE-BCF1C846AF70}.Release|Any CPU.ActiveCfg = Release|Any CPU
		{9AE378E5-7057-4967-9AFE-BCF1C846AF70}.Release|Any CPU.Build.0 = Release|Any CPU
		{1C9E3ECE-8C5E-48B3-A00E-C128A5813D7A}.Debug|Any CPU.ActiveCfg = Debug|Any CPU
		{1C9E3ECE-8C5E-48B3-A00E-C128A5813D7A}.Debug|Any CPU.Build.0 = Debug|Any CPU
		{1C9E3ECE-8C5E-48B3-A00E-C128A5813D7A}.Release|Any CPU.ActiveCfg = Release|Any CPU
		{1C9E3ECE-8C5E-48B3-A00E-C128A5813D7A}.Release|Any CPU.Build.0 = Release|Any CPU
		{095E4D8C-FFF8-49E0-A700-3BA0D23C71D8}.Debug|Any CPU.ActiveCfg = Debug|Any CPU
		{095E4D8C-FFF8-49E0-A700-3BA0D23C71D8}.Debug|Any CPU.Build.0 = Debug|Any CPU
		{095E4D8C-FFF8-49E0-A700-3BA0D23C71D8}.Release|Any CPU.ActiveCfg = Release|Any CPU
		{095E4D8C-FFF8-49E0-A700-3BA0D23C71D8}.Release|Any CPU.Build.0 = Release|Any CPU
		{08103D36-B83B-44CE-B514-7A445D03346D}.Debug|Any CPU.ActiveCfg = Debug|Any CPU
		{08103D36-B83B-44CE-B514-7A445D03346D}.Debug|Any CPU.Build.0 = Debug|Any CPU
		{08103D36-B83B-44CE-B514-7A445D03346D}.Release|Any CPU.ActiveCfg = Release|Any CPU
		{08103D36-B83B-44CE-B514-7A445D03346D}.Release|Any CPU.Build.0 = Release|Any CPU
		{8DA07981-BE3B-45A1-A70B-D7FAD012CBBD}.Debug|Any CPU.ActiveCfg = Debug|Any CPU
		{8DA07981-BE3B-45A1-A70B-D7FAD012CBBD}.Debug|Any CPU.Build.0 = Debug|Any CPU
		{8DA07981-BE3B-45A1-A70B-D7FAD012CBBD}.Release|Any CPU.ActiveCfg = Release|Any CPU
		{8DA07981-BE3B-45A1-A70B-D7FAD012CBBD}.Release|Any CPU.Build.0 = Release|Any CPU
		{09C00BF2-5530-472F-A8E9-DD0AB9814ABF}.Debug|Any CPU.ActiveCfg = Debug|Any CPU
		{09C00BF2-5530-472F-A8E9-DD0AB9814ABF}.Debug|Any CPU.Build.0 = Debug|Any CPU
		{09C00BF2-5530-472F-A8E9-DD0AB9814ABF}.Release|Any CPU.ActiveCfg = Release|Any CPU
		{09C00BF2-5530-472F-A8E9-DD0AB9814ABF}.Release|Any CPU.Build.0 = Release|Any CPU
		{8BE28050-095C-424F-816E-E1F001707562}.Debug|Any CPU.ActiveCfg = Debug|Any CPU
		{8BE28050-095C-424F-816E-E1F001707562}.Debug|Any CPU.Build.0 = Debug|Any CPU
		{8BE28050-095C-424F-816E-E1F001707562}.Release|Any CPU.ActiveCfg = Release|Any CPU
		{8BE28050-095C-424F-816E-E1F001707562}.Release|Any CPU.Build.0 = Release|Any CPU
		{5539C433-A925-475B-B4E9-9D6F836B61E8}.Debug|Any CPU.ActiveCfg = Debug|Any CPU
		{5539C433-A925-475B-B4E9-9D6F836B61E8}.Debug|Any CPU.Build.0 = Debug|Any CPU
		{5539C433-A925-475B-B4E9-9D6F836B61E8}.Release|Any CPU.ActiveCfg = Release|Any CPU
		{5539C433-A925-475B-B4E9-9D6F836B61E8}.Release|Any CPU.Build.0 = Release|Any CPU
	EndGlobalSection
EndGlobal
